
Microsoft Visual Studio Solution File, Format Version 12.00
# Visual Studio 15
VisualStudioVersion = 15.0.28307.168
MinimumVisualStudioVersion = 10.0.40219.1
Project("{FAE04EC0-301F-11D3-BF4B-00C04F79EFBC}") = "AutoLotDAL", "AutoLotDAL\AutoLotDAL.csproj", "{3FCD12AE-63E7-4DC2-834B-9212F5CF1FA2}"
EndProject
Global
	GlobalSection(SolutionConfigurationPlatforms) = preSolution
		Debug|Any CPU = Debug|Any CPU
		Release|Any CPU = Release|Any CPU
	EndGlobalSection
	GlobalSection(ProjectConfigurationPlatforms) = postSolution
		{3FCD12AE-63E7-4DC2-834B-9212F5CF1FA2}.Debug|Any CPU.ActiveCfg = Debug|Any CPU
		{3FCD12AE-63E7-4DC2-834B-9212F5CF1FA2}.Debug|Any CPU.Build.0 = Debug|Any CPU
		{3FCD12AE-63E7-4DC2-834B-9212F5CF1FA2}.Release|Any CPU.ActiveCfg = Release|Any CPU
		{3FCD12AE-63E7-4DC2-834B-9212F5CF1FA2}.Release|Any CPU.Build.0 = Release|Any CPU
	EndGlobalSection
	GlobalSection(SolutionProperties) = preSolution
		HideSolutionNode = FALSE
	EndGlobalSection
	GlobalSection(ExtensibilityGlobals) = postSolution
		SolutionGuid = {551BCDC0-7055-40C7-B816-9C2E0BBB734A}
	EndGlobalSection
EndGlobal
